Microsoft Visual Studio Solution File, Format Version 12.00
# Visual Studio Version 17
VisualStudioVersion = 17.5.2.0
MinimumVisualStudioVersion = 10.0.40219.1
Project("{FAE04EC0-301F-11D3-BF4B-00C04F79EFBC}") = "Prova-Paulo", "Prova-Paulo\Prova-Paulo.csproj", "{5C2A83B5-359C-160C-C7AD-E1E2BA8BF0DE}"
EndProject
Global
	GlobalSection(SolutionConfigurationPlatforms) = preSolution
		Debug|Any CPU = Debug|Any CPU
		Release|Any CPU = Release|Any CPU
	EndGlobalSection
	GlobalSection(ProjectConfigurationPlatforms) = postSolution
		{5C2A83B5-359C-160C-C7AD-E1E2BA8BF0DE}.Debug|Any CPU.ActiveCfg = Debug|Any CPU
		{5C2A83B5-359C-160C-C7AD-E1E2BA8BF0DE}.Debug|Any CPU.Build.0 = Debug|Any CPU
		{5C2A83B5-359C-160C-C7AD-E1E2BA8BF0DE}.Release|Any CPU.ActiveCfg = Release|Any CPU
		{5C2A83B5-359C-160C-C7AD-E1E2BA8BF0DE}.Release|Any CPU.Build.0 = Release|Any CPU
	EndGlobalSection
	GlobalSection(SolutionProperties) = preSolution
		HideSolutionNode = FALSE
	EndGlobalSection
	GlobalSection(ExtensibilityGlobals) = postSolution
		SolutionGuid = {75029637-ACE6-4A9C-AAF1-92B27657C652}
	EndGlobalSection
EndGlobal
